
Microsoft Visual Studio Solution File, Format Version 12.00
# Visual Studio 15
VisualStudioVersion = 15.0.27130.2010
MinimumVisualStudioVersion = 10.0.40219.1
Project("{FAE04EC0-301F-11D3-BF4B-00C04F79EFBC}") = "PowerpointWifiRemoteServer", "PowerpointWifiRemoteServer.csproj", "{6C888F8A-5255-4B14-AC8B-3B57195435C3}"
EndProject
Global
	GlobalSection(SolutionConfigurationPlatforms) = preSolution
		Debug|Any CPU = Debug|Any CPU
		Release|Any CPU = Release|Any CPU
	EndGlobalSection
	GlobalSection(ProjectConfigurationPlatforms) = postSolution
		{6C888F8A-5255-4B14-AC8B-3B57195435C3}.Debug|Any CPU.ActiveCfg = Debug|Any CPU
		{6C888F8A-5255-4B14-AC8B-3B57195435C3}.Debug|Any CPU.Build.0 = Debug|Any CPU
		{6C888F8A-5255-4B14-AC8B-3B57195435C3}.Release|Any CPU.ActiveCfg = Release|Any CPU
		{6C888F8A-5255-4B14-AC8B-3B57195435C3}.Release|Any CPU.Build.0 = Release|Any CPU
	EndGlobalSection
	GlobalSection(SolutionProperties) = preSolution
		HideSolutionNode = FALSE
	EndGlobalSection
	GlobalSection(ExtensibilityGlobals) = postSolution
		SolutionGuid = {BE12D65A-8A97-4DC6-8399-F3A4749CEFD0}
	EndGlobalSection
EndGlobal
